// !$*UTF8*$!
{
	archiveVersion = 1;
	classes = {
	};
	objectVersion = 46;
	objects = {

/* Begin PBXBuildFile section */
		34135AF019A3740600EA5BC0 /* system.json in Resources */ = {isa = PBXBuildFile; fileRef = 34135AEF19A3740600EA5BC0 /* system.json */; };
		34135AF219A3741700EA5BC0 /* grip_and_shoot.json in Resources */ = {isa = PBXBuildFile; fileRef = 34135AF119A3741700EA5BC0 /* grip_and_shoot.json */; };
		3431E99919A3705500483E84 /* GripAndShootSDK.framework in Frameworks */ = {isa = PBXBuildFile; fileRef = 3431E99719A3705500483E84 /* GripAndShootSDK.framework */; };
		345CD2FE190C449B00289B29 /* Foundation.framework in Frameworks */ = {isa = PBXBuildFile; fileRef = 345CD2FD190C449B00289B29 /* Foundation.framework */; };
		345CD300190C449B00289B29 /* CoreGraphics.framework in Frameworks */ = {isa = PBXBuildFile; fileRef = 345CD2FF190C449B00289B29 /* CoreGraphics.framework */; };
		345CD302190C449B00289B29 /* UIKit.framework in Frameworks */ = {isa = PBXBuildFile; fileRef = 345CD301190C449B00289B29 /* UIKit.framework */; };
		345CD308190C449B00289B29 /* InfoPlist.strings in Resources */ = {isa = PBXBuildFile; fileRef = 345CD306190C449B00289B29 /* InfoPlist.strings */; };
		345CD30A190C449B00289B29 /* main.m in Sources */ = {isa = PBXBuildFile; fileRef = 345CD309190C449B00289B29 /* main.m */; };
		345CD30E190C449B00289B29 /* ZMAppDelegate.m in Sources */ = {isa = PBXBuildFile; fileRef = 345CD30D190C449B00289B29 /* ZMAppDelegate.m */; };
		345CD310190C449B00289B29 /* Images.xcassets in Resources */ = {isa = PBXBuildFile; fileRef = 345CD30F190C449B00289B29 /* Images.xcassets */; };
		345CD318190C449B00289B29 /* Foundation.framework in Frameworks */ = {isa = PBXBuildFile; fileRef = 345CD2FD190C449B00289B29 /* Foundation.framework */; };
		345CD319190C449B00289B29 /* UIKit.framework in Frameworks */ = {isa = PBXBuildFile; fileRef = 345CD301190C449B00289B29 /* UIKit.framework */; };
		345CD321190C449B00289B29 /* InfoPlist.strings in Resources */ = {isa = PBXBuildFile; fileRef = 345CD31F190C449B00289B29 /* InfoPlist.strings */; };
		345CD323190C449B00289B29 /* GripSampleAppTests.m in Sources */ = {isa = PBXBuildFile; fileRef = 345CD322190C449B00289B29 /* GripSampleAppTests.m */; };
		345CD32D190C487400289B29 /* Storyboard.storyboard in Resources */ = {isa = PBXBuildFile; fileRef = 345CD32C190C487400289B29 /* Storyboard.storyboard */; };
		345CD330190C489000289B29 /* ZMTestViewController.m in Sources */ = {isa = PBXBuildFile; fileRef = 345CD32F190C489000289B29 /* ZMTestViewController.m */; };
		345CD33A190C4A4F00289B29 /* CoreBluetooth.framework in Frameworks */ = {isa = PBXBuildFile; fileRef = 345CD339190C4A4F00289B29 /* CoreBluetooth.framework */; };
/* End PBXBuildFile section */

/* Begin PBXContainerItemProxy section */
		345CD31A190C449B00289B29 /* PBXContainerItemProxy */ = {
			isa = PBXContainerItemProxy;
			containerPortal = 345CD2F2190C449B00289B29 /* Project object */;
			proxyType = 1;
			remoteGlobalIDString = 345CD2F9190C449B00289B29;
			remoteInfo = GripSampleApp;
		};
/* End PBXContainerItemProxy section */

/* Begin PBXFileReference section */
		34135AEF19A3740600EA5BC0 /* system.json */ = {isa = PBXFileReference; fileEncoding = 4; lastKnownFileType = text.json; path = system.json; sourceTree = "<group>"; };
		34135AF119A3741700EA5BC0 /* grip_and_shoot.json */ = {isa = PBXFileReference; fileEncoding = 4; lastKnownFileType = text.json; path = grip_and_shoot.json; sourceTree = "<group>"; };
		3431E99719A3705500483E84 /* GripAndShootSDK.framework */ = {isa = PBXFileReference; lastKnownFileType = wrapper.framework; path = GripAndShootSDK.framework; sourceTree = "<group>"; };
		345CD2FA190C449B00289B29 /* GripSampleApp.app */ = {isa = PBXFileReference; explicitFileType = wrapper.application; includeInIndex = 0; path = GripSampleApp.app; sourceTree = BUILT_PRODUCTS_DIR; };
		345CD2FD190C449B00289B29 /* Foundation.framework */ = {isa = PBXFileReference; lastKnownFileType = wrapper.framework; name = Foundation.framework; path = System/Library/Frameworks/Foundation.framework; sourceTree = SDKROOT; };
		345CD2FF190C449B00289B29 /* CoreGraphics.framework */ = {isa = PBXFileReference; lastKnownFileType = wrapper.framework; name = CoreGraphics.framework; path = System/Library/Frameworks/CoreGraphics.framework; sourceTree = SDKROOT; };
		345CD301190C449B00289B29 /* UIKit.framework */ = {isa = PBXFileReference; lastKnownFileType = wrapper.framework; name = UIKit.framework; path = System/Library/Frameworks/UIKit.framework; sourceTree = SDKROOT; };
		345CD305190C449B00289B29 /* GripSampleApp-Info.plist */ = {isa = PBXFileReference; lastKnownFileType = text.plist.xml; path = "GripSampleApp-Info.plist"; sourceTree = "<group>"; };
		345CD307190C449B00289B29 /* en */ = {isa = PBXFileReference; lastKnownFileType = text.plist.strings; name = en; path = en.lproj/InfoPlist.strings; sourceTree = "<group>"; };
		345CD309190C449B00289B29 /* main.m */ = {isa = PBXFileReference; lastKnownFileType = sourcecode.c.objc; path = main.m; sourceTree = "<group>"; };
		345CD30B190C449B00289B29 /* GripSampleApp-Prefix.pch */ = {isa = PBXFileReference; lastKnownFileType = sourcecode.c.h; path = "GripSampleApp-Prefix.pch"; sourceTree = "<group>"; };
		345CD30C190C449B00289B29 /* ZMAppDelegate.h */ = {isa = PBXFileReference; lastKnownFileType = sourcecode.c.h; path = ZMAppDelegate.h; sourceTree = "<group>"; };
		345CD30D190C449B00289B29 /* ZMAppDelegate.m */ = {isa = PBXFileReference; lastKnownFileType = sourcecode.c.objc; path = ZMAppDelegate.m; sourceTree = "<group>"; };
		345CD30F190C449B00289B29 /* Images.xcassets */ = {isa = PBXFileReference; lastKnownFileType = folder.assetcatalog; path = Images.xcassets; sourceTree = "<group>"; };
		345CD315190C449B00289B29 /* GripSampleAppTests.xctest */ = {isa = PBXFileReference; explicitFileType = wrapper.cfbundle; includeInIndex = 0; path = GripSampleAppTests.xctest; sourceTree = BUILT_PRODUCTS_DIR; };
		345CD31E190C449B00289B29 /* GripSampleAppTests-Info.plist */ = {isa = PBXFileReference; lastKnownFileType = text.plist.xml; path = "GripSampleAppTests-Info.plist"; sourceTree = "<group>"; };
		345CD320190C449B00289B29 /* en */ = {isa = PBXFileReference; lastKnownFileType = text.plist.strings; name = en; path = en.lproj/InfoPlist.strings; sourceTree = "<group>"; };
		345CD322190C449B00289B29 /* GripSampleAppTests.m */ = {isa = PBXFileReference; lastKnownFileType = sourcecode.c.objc; path = GripSampleAppTests.m; sourceTree = "<group>"; };
		345CD32C190C487400289B29 /* Storyboard.storyboard */ = {isa = PBXFileReference; fileEncoding = 4; lastKnownFileType = file.storyboard; path = Storyboard.storyboard; sourceTree = "<group>"; };
		345CD32E190C489000289B29 /* ZMTestViewController.h */ = {isa = PBXFileReference; fileEncoding = 4; lastKnownFileType = sourcecode.c.h; path = ZMTestViewController.h; sourceTree = "<group>"; };
		345CD32F190C489000289B29 /* ZMTestViewController.m */ = {isa = PBXFileReference; fileEncoding = 4; lastKnownFileType = sourcecode.c.objc; path = ZMTestViewController.m; sourceTree = "<group>"; };
		345CD339190C4A4F00289B29 /* CoreBluetooth.framework */ = {isa = PBXFileReference; lastKnownFileType = wrapper.framework; name = CoreBluetooth.framework; path = System/Library/Frameworks/CoreBluetooth.framework; sourceTree = SDKROOT; };
/* End PBXFileReference section */

/* Begin PBXFrameworksBuildPhase section */
		345CD2F7190C449B00289B29 /* Frameworks */ = {
			isa = PBXFrameworksBuildPhase;
			buildActionMask = 2147483647;
			files = (
				3431E99919A3705500483E84 /* GripAndShootSDK.framework in Frameworks */,
				345CD33A190C4A4F00289B29 /* CoreBluetooth.framework in Frameworks */,
				345CD300190C449B00289B29 /* CoreGraphics.framework in Frameworks */,
				345CD302190C449B00289B29 /* UIKit.framework in Frameworks */,
				345CD2FE190C449B00289B29 /* Foundation.framework in Frameworks */,
			);
			runOnlyForDeploymentPostprocessing = 0;
		};
		345CD312190C449B00289B29 /* Frameworks */ = {
			isa = PBXFrameworksBuildPhase;
			buildActionMask = 2147483647;
			files = (
				345CD319190C449B00289B29 /* UIKit.framework in Frameworks */,
				345CD318190C449B00289B29 /* Foundation.framework in Frameworks */,
			);
			runOnlyForDeploymentPostprocessing = 0;
		};
/* End PBXFrameworksBuildPhase section */

/* Begin PBXGroup section */
		3431E99519A3705500483E84 /* GripAndShootSDK */ = {
			isa = PBXGroup;
			children = (
				3431E99719A3705500483E84 /* GripAndShootSDK.framework */,
			);
			path = GripAndShootSDK;
			sourceTree = "<group>";
		};
		345CD2F1190C449B00289B29 = {
			isa = PBXGroup;
			children = (
				345CD303190C449B00289B29 /* GripSampleApp */,
				345CD31C190C449B00289B29 /* GripSampleAppTests */,
				345CD2FC190C449B00289B29 /* Frameworks */,
				345CD2FB190C449B00289B29 /* Products */,
			);
			sourceTree = "<group>";
		};
		345CD2FB190C449B00289B29 /* Products */ = {
			isa = PBXGroup;
			children = (
				345CD2FA190C449B00289B29 /* GripSampleApp.app */,
				345CD315190C449B00289B29 /* GripSampleAppTests.xctest */,
			);
			name = Products;
			sourceTree = "<group>";
		};
		345CD2FC190C449B00289B29 /* Frameworks */ = {
			isa = PBXGroup;
			children = (
				3431E99519A3705500483E84 /* GripAndShootSDK */,
				345CD339190C4A4F00289B29 /* CoreBluetooth.framework */,
				345CD2FD190C449B00289B29 /* Foundation.framework */,
				345CD2FF190C449B00289B29 /* CoreGraphics.framework */,
				345CD301190C449B00289B29 /* UIKit.framework */,
			);
			name = Frameworks;
			sourceTree = "<group>";
		};
		345CD303190C449B00289B29 /* GripSampleApp */ = {
			isa = PBXGroup;
			children = (
				34135AF119A3741700EA5BC0 /* grip_and_shoot.json */,
				34135AEF19A3740600EA5BC0 /* system.json */,
				345CD30C190C449B00289B29 /* ZMAppDelegate.h */,
				345CD30D190C449B00289B29 /* ZMAppDelegate.m */,
				345CD30F190C449B00289B29 /* Images.xcassets */,
				345CD304190C449B00289B29 /* Supporting Files */,
				345CD32C190C487400289B29 /* Storyboard.storyboard */,
				345CD32E190C489000289B29 /* ZMTestViewController.h */,
				345CD32F190C489000289B29 /* ZMTestViewController.m */,
			);
			path = GripSampleApp;
			sourceTree = "<group>";
		};
		345CD304190C449B00289B29 /* Supporting Files */ = {
			isa = PBXGroup;
			children = (
				345CD305190C449B00289B29 /* GripSampleApp-Info.plist */,
				345CD306190C449B00289B29 /* InfoPlist.strings */,
				345CD309190C449B00289B29 /* main.m */,
				345CD30B190C449B00289B29 /* GripSampleApp-Prefix.pch */,
			);
			name = "Supporting Files";
			sourceTree = "<group>";
		};
		345CD31C190C449B00289B29 /* GripSampleAppTests */ = {
			isa = PBXGroup;
			children = (
				345CD322190C449B00289B29 /* GripSampleAppTests.m */,
				345CD31D190C449B00289B29 /* Supporting Files */,
			);
			path = GripSampleAppTests;
			sourceTree = "<group>";
		};
		345CD31D190C449B00289B29 /* Supporting Files */ = {
			isa = PBXGroup;
			children = (
				345CD31E190C449B00289B29 /* GripSampleAppTests-Info.plist */,
				345CD31F190C449B00289B29 /* InfoPlist.strings */,
			);
			name = "Supporting Files";
			sourceTree = "<group>";
		};
/* End PBXGroup section */

/* Begin PBXNativeTarget section */
		345CD2F9190C449B00289B29 /* GripSampleApp */ = {
			isa = PBXNativeTarget;
			buildConfigurationList = 345CD326190C449B00289B29 /* Build configuration list for PBXNativeTarget "GripSampleApp" */;
			buildPhases = (
				345CD2F6190C449B00289B29 /* Sources */,
				345CD2F7190C449B00289B29 /* Frameworks */,
				345CD2F8190C449B00289B29 /* Resources */,
			);
			buildRules = (
			);
			dependencies = (
			);
			name = GripSampleApp;
			productName = GripSampleApp;
			productReference = 345CD2FA190C449B00289B29 /* GripSampleApp.app */;
			productType = "com.apple.product-type.application";
		};
		345CD314190C449B00289B29 /* GripSampleAppTests */ = {
			isa = PBXNativeTarget;
			buildConfigurationList = 345CD329190C449B00289B29 /* Build configuration list for PBXNativeTarget "GripSampleAppTests" */;
			buildPhases = (
				345CD311190C449B00289B29 /* Sources */,
				345CD312190C449B00289B29 /* Frameworks */,
				345CD313190C449B00289B29 /* Resources */,
			);
			buildRules = (
			);
			dependencies = (
				345CD31B190C449B00289B29 /* PBXTargetDependency */,
			);
			name = GripSampleAppTests;
			productName = GripSampleAppTests;
			productReference = 345CD315190C449B00289B29 /* GripSampleAppTests.xctest */;
			productType = "com.apple.product-type.bundle.unit-test";
		};
/* End PBXNativeTarget section */

/* Begin PBXProject section */
		345CD2F2190C449B00289B29 /* Project object */ = {
			isa = PBXProject;
			attributes = {
				CLASSPREFIX = ZM;
				LastUpgradeCheck = 0510;
				ORGANIZATIONNAME = "Zeta Manufacturing";
				TargetAttributes = {
					345CD314190C449B00289B29 = {
						TestTargetID = 345CD2F9190C449B00289B29;
					};
				};
			};
			buildConfigurationList = 345CD2F5190C449B00289B29 /* Build configuration list for PBXProject "GripSampleApp" */;
			compatibilityVersion = "Xcode 3.2";
			developmentRegion = English;
			hasScannedForEncodings = 0;
			knownRegions = (
				en,
			);
			mainGroup = 345CD2F1190C449B00289B29;
			productRefGroup = 345CD2FB190C449B00289B29 /* Products */;
			projectDirPath = "";
			projectRoot = "";
			targets = (
				345CD2F9190C449B00289B29 /* GripSampleApp */,
				345CD314190C449B00289B29 /* GripSampleAppTests */,
			);
		};
/* End PBXProject section */

/* Begin PBXResourcesBuildPhase section */
		345CD2F8190C449B00289B29 /* Resources */ = {
			isa = PBXResourcesBuildPhase;
			buildActionMask = 2147483647;
			files = (
				34135AF019A3740600EA5BC0 /* system.json in Resources */,
				345CD308190C449B00289B29 /* InfoPlist.strings in Resources */,
				34135AF219A3741700EA5BC0 /* grip_and_shoot.json in Resources */,
				345CD310190C449B00289B29 /* Images.xcassets in Resources */,
				345CD32D190C487400289B29 /* Storyboard.storyboard in Resources */,
			);
			runOnlyForDeploymentPostprocessing = 0;
		};
		345CD313190C449B00289B29 /* Resources */ = {
			isa = PBXResourcesBuildPhase;
			buildActionMask = 2147483647;
			files = (
				345CD321190C449B00289B29 /* InfoPlist.strings in Resources */,
			);
			runOnlyForDeploymentPostprocessing = 0;
		};
/* End PBXResourcesBuildPhase section */

/* Begin PBXSourcesBuildPhase section */
		345CD2F6190C449B00289B29 /* Sources */ = {
			isa = PBXSourcesBuildPhase;
			buildActionMask = 2147483647;
			files = (
				345CD330190C489000289B29 /* ZMTestViewController.m in Sources */,
				345CD30A190C449B00289B29 /* main.m in Sources */,
				345CD30E190C449B00289B29 /* ZMAppDelegate.m in Sources */,
			);
			runOnlyForDeploymentPostprocessing = 0;
		};
		345CD311190C449B00289B29 /* Sources */ = {
			isa = PBXSourcesBuildPhase;
			buildActionMask = 2147483647;
			files = (
				345CD323190C449B00289B29 /* GripSampleAppTests.m in Sources */,
			);
			runOnlyForDeploymentPostprocessing = 0;
		};
/* End PBXSourcesBuildPhase section */

/* Begin PBXTargetDependency section */
		345CD31B190C449B00289B29 /* PBXTargetDependency */ = {
			isa = PBXTargetDependency;
			target = 345CD2F9190C449B00289B29 /* GripSampleApp */;
			targetProxy = 345CD31A190C449B00289B29 /* PBXContainerItemProxy */;
		};
/* End PBXTargetDependency section */

/* Begin PBXVariantGroup section */
		345CD306190C449B00289B29 /* InfoPlist.strings */ = {
			isa = PBXVariantGroup;
			children = (
				345CD307190C449B00289B29 /* en */,
			);
			name = InfoPlist.strings;
			sourceTree = "<group>";
		};
		345CD31F190C449B00289B29 /* InfoPlist.strings */ = {
			isa = PBXVariantGroup;
			children = (
				345CD320190C449B00289B29 /* en */,
			);
			name = InfoPlist.strings;
			sourceTree = "<group>";
		};
/* End PBXVariantGroup section */

/* Begin XCBuildConfiguration section */
		345CD324190C449B00289B29 /* Debug */ = {
			isa = XCBuildConfiguration;
			buildSettings = {
				ALWAYS_SEARCH_USER_PATHS = NO;
				CLANG_CXX_LANGUAGE_STANDARD = "gnu++0x";
				CLANG_CXX_LIBRARY = "libc++";
				CLANG_ENABLE_MODULES = YES;
				CLANG_ENABLE_OBJC_ARC = YES;
				CLANG_WARN_BOOL_CONVERSION = YES;
				CLANG_WARN_CONSTANT_CONVERSION = YES;
				CLANG_WARN_DIRECT_OBJC_ISA_USAGE = YES_ERROR;
				CLANG_WARN_EMPTY_BODY = YES;
				CLANG_WARN_ENUM_CONVERSION = YES;
				CLANG_WARN_INT_CONVERSION = YES;
				CLANG_WARN_OBJC_ROOT_CLASS = YES_ERROR;
				CLANG_WARN__DUPLICATE_METHOD_MATCH = YES;
				"CODE_SIGN_IDENTITY[sdk=iphoneos*]" = "iPhone Developer";
				COPY_PHASE_STRIP = NO;
				GCC_C_LANGUAGE_STANDARD = gnu99;
				GCC_DYNAMIC_NO_PIC = NO;
				GCC_OPTIMIZATION_LEVEL = 0;
				GCC_PREPROCESSOR_DEFINITIONS = (
					"DEBUG=1",
					"$(inherited)",
				);
				GCC_SYMBOLS_PRIVATE_EXTERN = NO;
				GCC_WARN_64_TO_32_BIT_CONVERSION = YES;
				GCC_WARN_ABOUT_RETURN_TYPE = YES_ERROR;
				GCC_WARN_UNDECLARED_SELECTOR = YES;
				GCC_WARN_UNINITIALIZED_AUTOS = YES_AGGRESSIVE;
				GCC_WARN_UNUSED_FUNCTION = YES;
				GCC_WARN_UNUSED_VARIABLE = YES;
				IPHONEOS_DEPLOYMENT_TARGET = 7.1;
				ONLY_ACTIVE_ARCH = YES;
				SDKROOT = iphoneos;
			};
			name = Debug;
		};
		345CD325190C449B00289B29 /* Release */ = {
			isa = XCBuildConfiguration;
			buildSettings = {
				ALWAYS_SEARCH_USER_PATHS = NO;
				CLANG_CXX_LANGUAGE_STANDARD = "gnu++0x";
				CLANG_CXX_LIBRARY = "libc++";
				CLANG_ENABLE_MODULES = YES;
				CLANG_ENABLE_OBJC_ARC = YES;
				CLANG_WARN_BOOL_CONVERSION = YES;
				CLANG_WARN_CONSTANT_CONVERSION = YES;
				CLANG_WARN_DIRECT_OBJC_ISA_USAGE = YES_ERROR;
				CLANG_WARN_EMPTY_BODY = YES;
				CLANG_WARN_ENUM_CONVERSION = YES;
				CLANG_WARN_INT_CONVERSION = YES;
				CLANG_WARN_OBJC_ROOT_CLASS = YES_ERROR;
				CLANG_WARN__DUPLICATE_METHOD_MATCH = YES;
				"CODE_SIGN_IDENTITY[sdk=iphoneos*]" = "iPhone Developer";
				COPY_PHASE_STRIP = YES;
				ENABLE_NS_ASSERTIONS = NO;
				GCC_C_LANGUAGE_STANDARD = gnu99;
				GCC_WARN_64_TO_32_BIT_CONVERSION = YES;
				GCC_WARN_ABOUT_RETURN_TYPE = YES_ERROR;
				GCC_WARN_UNDECLARED_SELECTOR = YES;
				GCC_WARN_UNINITIALIZED_AUTOS = YES_AGGRESSIVE;
				GCC_WARN_UNUSED_FUNCTION = YES;
				GCC_WARN_UNUSED_VARIABLE = YES;
				IPHONEOS_DEPLOYMENT_TARGET = 7.1;
				SDKROOT = iphoneos;
				VALIDATE_PRODUCT = YES;
			};
			name = Release;
		};
		345CD327190C449B00289B29 /* Debug */ = {
			isa = XCBuildConfiguration;
			buildSettings = {
				ASSETCATALOG_COMPILER_APPICON_NAME = AppIcon;
				ASSETCATALOG_COMPILER_LAUNCHIMAGE_NAME = LaunchImage;
				FRAMEWORK_SEARCH_PATHS = (
					"$(inherited)",
					"$(PROJECT_DIR)/GripAndShootSDK",
				);
				GCC_PRECOMPILE_PREFIX_HEADER = YES;
				GCC_PREFIX_HEADER = "GripSampleApp/GripSampleApp-Prefix.pch";
				INFOPLIST_FILE = "GripSampleApp/GripSampleApp-Info.plist";
				LIBRARY_SEARCH_PATHS = (
					"$(inherited)",
					/Users/dexter/Development/Work/Zeta/GripAndShootSDK/GripAndShootMobileSDK/Framework,
					/Users/dexter/Development/Work/Zeta/GripAndShootSDK/EmmocoMobileFramework/Framework,
				);
				OTHER_LDFLAGS = "-ObjC";
				PRODUCT_NAME = "$(TARGET_NAME)";
				WRAPPER_EXTENSION = app;
			};
			name = Debug;
		};
		345CD328190C449B00289B29 /* Release */ = {
			isa = XCBuildConfiguration;
			buildSettings = {
				ASSETCATALOG_COMPILER_APPICON_NAME = AppIcon;
				ASSETCATALOG_COMPILER_LAUNCHIMAGE_NAME = LaunchImage;
				FRAMEWORK_SEARCH_PATHS = (
					"$(inherited)",
					"$(PROJECT_DIR)/GripAndShootSDK",
				);
				GCC_PRECOMPILE_PREFIX_HEADER = YES;
				GCC_PREFIX_HEADER = "GripSampleApp/GripSampleApp-Prefix.pch";
				INFOPLIST_FILE = "GripSampleApp/GripSampleApp-Info.plist";
				LIBRARY_SEARCH_PATHS = (
					"$(inherited)",
					/Users/dexter/Development/Work/Zeta/GripAndShootSDK/GripAndShootMobileSDK/Framework,
					/Users/dexter/Development/Work/Zeta/GripAndShootSDK/EmmocoMobileFramework/Framework,
				);
				OTHER_LDFLAGS = "-ObjC";
				PRODUCT_NAME = "$(TARGET_NAME)";
				WRAPPER_EXTENSION = app;
			};
			name = Release;
		};
		345CD32A190C449B00289B29 /* Debug */ = {
			isa = XCBuildConfiguration;
			buildSettings = {
				BUNDLE_LOADER = "$(BUILT_PRODUCTS_DIR)/GripSampleApp.app/GripSampleApp";
				FRAMEWORK_SEARCH_PATHS = (
					"$(SDKROOT)/Developer/Library/Frameworks",
					"$(inherited)",
					"$(DEVELOPER_FRAMEWORKS_DIR)",
				);
				GCC_PRECOMPILE_PREFIX_HEADER = YES;
				GCC_PREFIX_HEADER = "GripSampleApp/GripSampleApp-Prefix.pch";
				GCC_PREPROCESSOR_DEFINITIONS = (
					"DEBUG=1",
					"$(inherited)",
				);
				INFOPLIST_FILE = "GripSampleAppTests/GripSampleAppTests-Info.plist";
				PRODUCT_NAME = "$(TARGET_NAME)";
				TEST_HOST = "$(BUNDLE_LOADER)";
				WRAPPER_EXTENSION = xctest;
			};
			name = Debug;
		};
		345CD32B190C449B00289B29 /* Release */ = {
			isa = XCBuildConfiguration;
			buildSettings = {
				BUNDLE_LOADER = "$(BUILT_PRODUCTS_DIR)/GripSampleApp.app/GripSampleApp";
				FRAMEWORK_SEARCH_PATHS = (
					"$(SDKROOT)/Developer/Library/Frameworks",
					"$(inherited)",
					"$(DEVELOPER_FRAMEWORKS_DIR)",
				);
				GCC_PRECOMPILE_PREFIX_HEADER = YES;
				GCC_PREFIX_HEADER = "GripSampleApp/GripSampleApp-Prefix.pch";
				INFOPLIST_FILE = "GripSampleAppTests/GripSampleAppTests-Info.plist";
				PRODUCT_NAME = "$(TARGET_NAME)";
				TEST_HOST = "$(BUNDLE_LOADER)";
				WRAPPER_EXTENSION = xctest;
			};
			name = Release;
		};
/* End XCBuildConfiguration section */

/* Begin XCConfigurationList section */
		345CD2F5190C449B00289B29 /* Build configuration list for PBXProject "GripSampleApp" */ = {
			isa = XCConfigurationList;
			buildConfigurations = (
				345CD324190C449B00289B29 /* Debug */,
				345CD325190C449B00289B29 /* Release */,
			);
			defaultConfigurationIsVisible = 0;
			defaultConfigurationName = Release;
		};
		345CD326190C449B00289B29 /* Build configuration list for PBXNativeTarget "GripSampleApp" */ = {
			isa = XCConfigurationList;
			buildConfigurations = (
				345CD327190C449B00289B29 /* Debug */,
				345CD328190C449B00289B29 /* Release */,
			);
			defaultConfigurationIsVisible = 0;
			defaultConfigurationName = Release;
		};
		345CD329190C449B00289B29 /* Build configuration list for PBXNativeTarget "GripSampleAppTests" */ = {
			isa = XCConfigurationList;
			buildConfigurations = (
				345CD32A190C449B00289B29 /* Debug */,
				345CD32B190C449B00289B29 /* Release */,
			);
			defaultConfigurationIsVisible = 0;
			defaultConfigurationName = Release;
		};
/* End XCConfigurationList section */
	};
	rootObject = 345CD2F2190C449B00289B29 /* Project object */;
}
