// !$*UTF8*$!
{
	archiveVersion = 1;
	classes = {
	};
	objectVersion = 46;
	objects = {

/* Begin PBXAggregateTarget section */
		3431E96A19A36D8F00483E84 /* Framework */ = {
			isa = PBXAggregateTarget;
			buildConfigurationList = 3431E96B19A36D8F00483E84 /* Build configuration list for PBXAggregateTarget "Framework" */;
			buildPhases = (
				3431E97019A36DB000483E84 /* Build Framework */,
			);
			dependencies = (
				34CA334C1CA2F5FE00657AA2 /* PBXTargetDependency */,
				3431E96F19A36D9900483E84 /* PBXTargetDependency */,
			);
			name = Framework;
			productName = Framework;
		};
/* End PBXAggregateTarget section */

/* Begin PBXBuildFile section */
		34094B371B72402D00134931 /* EMFramework.framework in Frameworks */ = {isa = PBXBuildFile; fileRef = 34094B341B72402D00134931 /* EMFramework.framework */; };
		3431E96719A36C6E00483E84 /* GripAndShootSDK.h in Headers */ = {isa = PBXBuildFile; fileRef = 345CD2B2190C2DC900289B29 /* GripAndShootSDK.h */; settings = {ATTRIBUTES = (Public, ); }; };
		3431E96819A36C7300483E84 /* ZMGrip.h in Headers */ = {isa = PBXBuildFile; fileRef = 345CD2E9190C30B800289B29 /* ZMGrip.h */; settings = {ATTRIBUTES = (Public, ); }; };
		345CD2B5190C2DC900289B29 /* GripAndShootSDK.m in Sources */ = {isa = PBXBuildFile; fileRef = 345CD2B4190C2DC900289B29 /* GripAndShootSDK.m */; };
		345CD2BC190C2DC900289B29 /* XCTest.framework in Frameworks */ = {isa = PBXBuildFile; fileRef = 345CD2BB190C2DC900289B29 /* XCTest.framework */; };
		345CD2BD190C2DC900289B29 /* Foundation.framework in Frameworks */ = {isa = PBXBuildFile; fileRef = 345CD2AD190C2DC900289B29 /* Foundation.framework */; };
		345CD2C8190C2DC900289B29 /* InfoPlist.strings in Resources */ = {isa = PBXBuildFile; fileRef = 345CD2C6190C2DC900289B29 /* InfoPlist.strings */; };
		345CD2CA190C2DC900289B29 /* GripAndShootSDKTests.m in Sources */ = {isa = PBXBuildFile; fileRef = 345CD2C9190C2DC900289B29 /* GripAndShootSDKTests.m */; };
		345CD2EB190C30B800289B29 /* ZMGrip.m in Sources */ = {isa = PBXBuildFile; fileRef = 345CD2EA190C30B800289B29 /* ZMGrip.m */; };
		345CD2EC190C30B800289B29 /* ZMGrip.m in Sources */ = {isa = PBXBuildFile; fileRef = 345CD2EA190C30B800289B29 /* ZMGrip.m */; };
		345CD2F0190C413B00289B29 /* grip_and_shoot.json in Resources */ = {isa = PBXBuildFile; fileRef = 345CD2EF190C413B00289B29 /* grip_and_shoot.json */; };
		34CA334D1CA2F60B00657AA2 /* grip_and_shoot.json in Resources */ = {isa = PBXBuildFile; fileRef = 345CD2EF190C413B00289B29 /* grip_and_shoot.json */; };
/* End PBXBuildFile section */

/* Begin PBXContainerItemProxy section */
		3431E96E19A36D9900483E84 /* PBXContainerItemProxy */ = {
			isa = PBXContainerItemProxy;
			containerPortal = 345CD2A2190C2DC900289B29 /* Project object */;
			proxyType = 1;
			remoteGlobalIDString = 345CD2A9190C2DC900289B29;
			remoteInfo = GripAndShootSDK;
		};
		345CD2C0190C2DC900289B29 /* PBXContainerItemProxy */ = {
			isa = PBXContainerItemProxy;
			containerPortal = 345CD2A2190C2DC900289B29 /* Project object */;
			proxyType = 1;
			remoteGlobalIDString = 345CD2A9190C2DC900289B29;
			remoteInfo = GripAndShootSDK;
		};
		34CA334B1CA2F5FE00657AA2 /* PBXContainerItemProxy */ = {
			isa = PBXContainerItemProxy;
			containerPortal = 345CD2A2190C2DC900289B29 /* Project object */;
			proxyType = 1;
			remoteGlobalIDString = 34CA33441CA2F5E100657AA2;
			remoteInfo = GripAndShootResources;
		};
/* End PBXContainerItemProxy section */

/* Begin PBXFileReference section */
		34094B341B72402D00134931 /* EMFramework.framework */ = {isa = PBXFileReference; lastKnownFileType = wrapper.framework; path = EMFramework.framework; sourceTree = "<group>"; };
		34094B351B72402D00134931 /* EMResources.bundle */ = {isa = PBXFileReference; lastKnownFileType = "wrapper.plug-in"; path = EMResources.bundle; sourceTree = "<group>"; };
		34094B361B72402D00134931 /* README.md */ = {isa = PBXFileReference; fileEncoding = 4; lastKnownFileType = net.daringfireball.markdown; path = README.md; sourceTree = "<group>"; };
		3431E98519A36E6F00483E84 /* CoreFoundation.framework */ = {isa = PBXFileReference; lastKnownFileType = wrapper.framework; name = CoreFoundation.framework; path = System/Library/Frameworks/CoreFoundation.framework; sourceTree = SDKROOT; };
		3431E98919A36E6F00483E84 /* GripAndShootResources-Info.plist */ = {isa = PBXFileReference; lastKnownFileType = text.plist.xml; path = "GripAndShootResources-Info.plist"; sourceTree = "<group>"; };
		3431E98B19A36E6F00483E84 /* en */ = {isa = PBXFileReference; lastKnownFileType = text.plist.strings; name = en; path = en.lproj/InfoPlist.strings; sourceTree = "<group>"; };
		3431E98D19A36E6F00483E84 /* GripAndShootResources-Prefix.pch */ = {isa = PBXFileReference; lastKnownFileType = sourcecode.c.h; path = "GripAndShootResources-Prefix.pch"; sourceTree = "<group>"; };
		345CD2AA190C2DC900289B29 /* libGripAndShootSDK.a */ = {isa = PBXFileReference; explicitFileType = archive.ar; includeInIndex = 0; path = libGripAndShootSDK.a; sourceTree = BUILT_PRODUCTS_DIR; };
		345CD2AD190C2DC900289B29 /* Foundation.framework */ = {isa = PBXFileReference; lastKnownFileType = wrapper.framework; name = Foundation.framework; path = System/Library/Frameworks/Foundation.framework; sourceTree = SDKROOT; };
		345CD2B2190C2DC900289B29 /* GripAndShootSDK.h */ = {isa = PBXFileReference; lastKnownFileType = sourcecode.c.h; path = GripAndShootSDK.h; sourceTree = "<group>"; };
		345CD2B4190C2DC900289B29 /* GripAndShootSDK.m */ = {isa = PBXFileReference; lastKnownFileType = sourcecode.c.objc; path = GripAndShootSDK.m; sourceTree = "<group>"; };
		345CD2BA190C2DC900289B29 /* GripAndShootSDKTests.xctest */ = {isa = PBXFileReference; explicitFileType = wrapper.cfbundle; includeInIndex = 0; path = GripAndShootSDKTests.xctest; sourceTree = BUILT_PRODUCTS_DIR; };
		345CD2BB190C2DC900289B29 /* XCTest.framework */ = {isa = PBXFileReference; lastKnownFileType = wrapper.framework; name = XCTest.framework; path = Library/Frameworks/XCTest.framework; sourceTree = DEVELOPER_DIR; };
		345CD2C5190C2DC900289B29 /* GripAndShootSDKTests-Info.plist */ = {isa = PBXFileReference; lastKnownFileType = text.plist.xml; path = "GripAndShootSDKTests-Info.plist"; sourceTree = "<group>"; };
		345CD2C7190C2DC900289B29 /* en */ = {isa = PBXFileReference; lastKnownFileType = text.plist.strings; name = en; path = en.lproj/InfoPlist.strings; sourceTree = "<group>"; };
		345CD2C9190C2DC900289B29 /* GripAndShootSDKTests.m */ = {isa = PBXFileReference; lastKnownFileType = sourcecode.c.objc; path = GripAndShootSDKTests.m; sourceTree = "<group>"; };
		345CD2E9190C30B800289B29 /* ZMGrip.h */ = {isa = PBXFileReference; fileEncoding = 4; lastKnownFileType = sourcecode.c.h; path = ZMGrip.h; sourceTree = "<group>"; };
		345CD2EA190C30B800289B29 /* ZMGrip.m */ = {isa = PBXFileReference; fileEncoding = 4; lastKnownFileType = sourcecode.c.objc; path = ZMGrip.m; sourceTree = "<group>"; };
		345CD2ED190C320E00289B29 /* CoreBluetooth.framework */ = {isa = PBXFileReference; lastKnownFileType = wrapper.framework; name = CoreBluetooth.framework; path = System/Library/Frameworks/CoreBluetooth.framework; sourceTree = SDKROOT; };
		345CD2EF190C413B00289B29 /* grip_and_shoot.json */ = {isa = PBXFileReference; fileEncoding = 4; lastKnownFileType = text.json; path = grip_and_shoot.json; sourceTree = "<group>"; };
		34CA33451CA2F5E100657AA2 /* GripAndShootResources.bundle */ = {isa = PBXFileReference; explicitFileType = wrapper.cfbundle; includeInIndex = 0; path = GripAndShootResources.bundle; sourceTree = BUILT_PRODUCTS_DIR; };
		34CA33471CA2F5E100657AA2 /* Info.plist */ = {isa = PBXFileReference; lastKnownFileType = text.plist.xml; path = Info.plist; sourceTree = "<group>"; };
/* End PBXFileReference section */

/* Begin PBXFrameworksBuildPhase section */
		345CD2A7190C2DC900289B29 /* Frameworks */ = {
			isa = PBXFrameworksBuildPhase;
			buildActionMask = 2147483647;
			files = (
				34094B371B72402D00134931 /* EMFramework.framework in Frameworks */,
			);
			runOnlyForDeploymentPostprocessing = 0;
		};
		345CD2B7190C2DC900289B29 /* Frameworks */ = {
			isa = PBXFrameworksBuildPhase;
			buildActionMask = 2147483647;
			files = (
				345CD2BC190C2DC900289B29 /* XCTest.framework in Frameworks */,
				345CD2BD190C2DC900289B29 /* Foundation.framework in Frameworks */,
			);
			runOnlyForDeploymentPostprocessing = 0;
		};
		34CA33421CA2F5E100657AA2 /* Frameworks */ = {
			isa = PBXFrameworksBuildPhase;
			buildActionMask = 2147483647;
			files = (
			);
			runOnlyForDeploymentPostprocessing = 0;
		};
/* End PBXFrameworksBuildPhase section */

/* Begin PBXGroup section */
		34094B331B72402D00134931 /* EmmocoMobileFramework */ = {
			isa = PBXGroup;
			children = (
				34094B341B72402D00134931 /* EMFramework.framework */,
				34094B351B72402D00134931 /* EMResources.bundle */,
				34094B361B72402D00134931 /* README.md */,
			);
			path = EmmocoMobileFramework;
			sourceTree = "<group>";
		};
		3431E98719A36E6F00483E84 /* GripAndShootResources */ = {
			isa = PBXGroup;
			children = (
				3431E98819A36E6F00483E84 /* Supporting Files */,
			);
			path = GripAndShootResources;
			sourceTree = "<group>";
		};
		3431E98819A36E6F00483E84 /* Supporting Files */ = {
			isa = PBXGroup;
			children = (
				3431E98919A36E6F00483E84 /* GripAndShootResources-Info.plist */,
				3431E98A19A36E6F00483E84 /* InfoPlist.strings */,
				3431E98D19A36E6F00483E84 /* GripAndShootResources-Prefix.pch */,
			);
			name = "Supporting Files";
			sourceTree = "<group>";
		};
		345CD2A1190C2DC900289B29 = {
			isa = PBXGroup;
			children = (
				34094B331B72402D00134931 /* EmmocoMobileFramework */,
				345CD2AF190C2DC900289B29 /* GripAndShootSDK */,
				345CD2C3190C2DC900289B29 /* GripAndShootSDKTests */,
				3431E98719A36E6F00483E84 /* GripAndShootResources */,
				34CA33461CA2F5E100657AA2 /* GripAndShootResources */,
				345CD2AC190C2DC900289B29 /* Frameworks */,
				345CD2AB190C2DC900289B29 /* Products */,
			);
			sourceTree = "<group>";
		};
		345CD2AB190C2DC900289B29 /* Products */ = {
			isa = PBXGroup;
			children = (
				345CD2AA190C2DC900289B29 /* libGripAndShootSDK.a */,
				345CD2BA190C2DC900289B29 /* GripAndShootSDKTests.xctest */,
				34CA33451CA2F5E100657AA2 /* GripAndShootResources.bundle */,
			);
			name = Products;
			sourceTree = "<group>";
		};
		345CD2AC190C2DC900289B29 /* Frameworks */ = {
			isa = PBXGroup;
			children = (
				345CD2ED190C320E00289B29 /* CoreBluetooth.framework */,
				345CD2AD190C2DC900289B29 /* Foundation.framework */,
				345CD2BB190C2DC900289B29 /* XCTest.framework */,
				3431E98519A36E6F00483E84 /* CoreFoundation.framework */,
			);
			name = Frameworks;
			sourceTree = "<group>";
		};
		345CD2AF190C2DC900289B29 /* GripAndShootSDK */ = {
			isa = PBXGroup;
			children = (
				345CD2EF190C413B00289B29 /* grip_and_shoot.json */,
				345CD2B2190C2DC900289B29 /* GripAndShootSDK.h */,
				345CD2B4190C2DC900289B29 /* GripAndShootSDK.m */,
				345CD2E9190C30B800289B29 /* ZMGrip.h */,
				345CD2EA190C30B800289B29 /* ZMGrip.m */,
			);
			path = GripAndShootSDK;
			sourceTree = "<group>";
		};
		345CD2C3190C2DC900289B29 /* GripAndShootSDKTests */ = {
			isa = PBXGroup;
			children = (
				345CD2C9190C2DC900289B29 /* GripAndShootSDKTests.m */,
				345CD2C4190C2DC900289B29 /* Supporting Files */,
			);
			path = GripAndShootSDKTests;
			sourceTree = "<group>";
		};
		345CD2C4190C2DC900289B29 /* Supporting Files */ = {
			isa = PBXGroup;
			children = (
				345CD2C5190C2DC900289B29 /* GripAndShootSDKTests-Info.plist */,
				345CD2C6190C2DC900289B29 /* InfoPlist.strings */,
			);
			name = "Supporting Files";
			sourceTree = "<group>";
		};
		34CA33461CA2F5E100657AA2 /* GripAndShootResources */ = {
			isa = PBXGroup;
			children = (
				34CA33471CA2F5E100657AA2 /* Info.plist */,
			);
			path = GripAndShootResources;
			sourceTree = "<group>";
		};
/* End PBXGroup section */

/* Begin PBXHeadersBuildPhase section */
		3431E96619A36C6800483E84 /* Headers */ = {
			isa = PBXHeadersBuildPhase;
			buildActionMask = 2147483647;
			files = (
				3431E96719A36C6E00483E84 /* GripAndShootSDK.h in Headers */,
				3431E96819A36C7300483E84 /* ZMGrip.h in Headers */,
			);
			runOnlyForDeploymentPostprocessing = 0;
		};
/* End PBXHeadersBuildPhase section */

/* Begin PBXNativeTarget section */
		345CD2A9190C2DC900289B29 /* GripAndShootSDK */ = {
			isa = PBXNativeTarget;
			buildConfigurationList = 345CD2CD190C2DC900289B29 /* Build configuration list for PBXNativeTarget "GripAndShootSDK" */;
			buildPhases = (
				345CD2A6190C2DC900289B29 /* Sources */,
				345CD2A7190C2DC900289B29 /* Frameworks */,
				3431E96619A36C6800483E84 /* Headers */,
				3431E96919A36D6500483E84 /* Prepare Framework */,
			);
			buildRules = (
			);
			dependencies = (
			);
			name = GripAndShootSDK;
			productName = GripAndShootSDK;
			productReference = 345CD2AA190C2DC900289B29 /* libGripAndShootSDK.a */;
			productType = "com.apple.product-type.library.static";
		};
		345CD2B9190C2DC900289B29 /* GripAndShootSDKTests */ = {
			isa = PBXNativeTarget;
			buildConfigurationList = 345CD2D0190C2DC900289B29 /* Build configuration list for PBXNativeTarget "GripAndShootSDKTests" */;
			buildPhases = (
				345CD2B6190C2DC900289B29 /* Sources */,
				345CD2B7190C2DC900289B29 /* Frameworks */,
				345CD2B8190C2DC900289B29 /* Resources */,
			);
			buildRules = (
			);
			dependencies = (
				345CD2C1190C2DC900289B29 /* PBXTargetDependency */,
			);
			name = GripAndShootSDKTests;
			productName = GripAndShootSDKTests;
			productReference = 345CD2BA190C2DC900289B29 /* GripAndShootSDKTests.xctest */;
			productType = "com.apple.product-type.bundle.unit-test";
		};
		34CA33441CA2F5E100657AA2 /* GripAndShootResources */ = {
			isa = PBXNativeTarget;
			buildConfigurationList = 34CA334A1CA2F5E100657AA2 /* Build configuration list for PBXNativeTarget "GripAndShootResources" */;
			buildPhases = (
				34CA33411CA2F5E100657AA2 /* Sources */,
				34CA33421CA2F5E100657AA2 /* Frameworks */,
				34CA33431CA2F5E100657AA2 /* Resources */,
			);
			buildRules = (
			);
			dependencies = (
			);
			name = GripAndShootResources;
			productName = GripAndShootResources;
			productReference = 34CA33451CA2F5E100657AA2 /* GripAndShootResources.bundle */;
			productType = "com.apple.product-type.bundle";
		};
/* End PBXNativeTarget section */

/* Begin PBXProject section */
		345CD2A2190C2DC900289B29 /* Project object */ = {
			isa = PBXProject;
			attributes = {
				LastUpgradeCheck = 0710;
				ORGANIZATIONNAME = "Zeta Manufacturing";
				TargetAttributes = {
					34CA33441CA2F5E100657AA2 = {
						CreatedOnToolsVersion = 7.3;
					};
				};
			};
			buildConfigurationList = 345CD2A5190C2DC900289B29 /* Build configuration list for PBXProject "GripAndShootSDK" */;
			compatibilityVersion = "Xcode 3.2";
			developmentRegion = English;
			hasScannedForEncodings = 0;
			knownRegions = (
				en,
			);
			mainGroup = 345CD2A1190C2DC900289B29;
			productRefGroup = 345CD2AB190C2DC900289B29 /* Products */;
			projectDirPath = "";
			projectRoot = "";
			targets = (
				345CD2A9190C2DC900289B29 /* GripAndShootSDK */,
				345CD2B9190C2DC900289B29 /* GripAndShootSDKTests */,
				3431E96A19A36D8F00483E84 /* Framework */,
				34CA33441CA2F5E100657AA2 /* GripAndShootResources */,
			);
		};
/* End PBXProject section */

/* Begin PBXResourcesBuildPhase section */
		345CD2B8190C2DC900289B29 /* Resources */ = {
			isa = PBXResourcesBuildPhase;
			buildActionMask = 2147483647;
			files = (
				345CD2F0190C413B00289B29 /* grip_and_shoot.json in Resources */,
				345CD2C8190C2DC900289B29 /* InfoPlist.strings in Resources */,
			);
			runOnlyForDeploymentPostprocessing = 0;
		};
		34CA33431CA2F5E100657AA2 /* Resources */ = {
			isa = PBXResourcesBuildPhase;
			buildActionMask = 2147483647;
			files = (
				34CA334D1CA2F60B00657AA2 /* grip_and_shoot.json in Resources */,
			);
			runOnlyForDeploymentPostprocessing = 0;
		};
/* End PBXResourcesBuildPhase section */

/* Begin PBXShellScriptBuildPhase section */
		3431E96919A36D6500483E84 /* Prepare Framework */ = {
			isa = PBXShellScriptBuildPhase;
			buildActionMask = 2147483647;
			files = (
			);
			inputPaths = (
			);
			name = "Prepare Framework";
			outputPaths = (
			);
			runOnlyForDeploymentPostprocessing = 0;
			shellPath = /bin/sh;
			shellScript = "set -e\n\nmkdir -p \"${BUILT_PRODUCTS_DIR}/${PRODUCT_NAME}.framework/Versions/A/Headers\"\n\n# Link the \"Current\" version to \"A\"\n/bin/ln -sfh A \"${BUILT_PRODUCTS_DIR}/${PRODUCT_NAME}.framework/Versions/Current\"\n/bin/ln -sfh Versions/Current/Headers \"${BUILT_PRODUCTS_DIR}/${PRODUCT_NAME}.framework/Headers\"\n/bin/ln -sfh \"Versions/Current/${PRODUCT_NAME}\" \"${BUILT_PRODUCTS_DIR}/${PRODUCT_NAME}.framework/${PRODUCT_NAME}\"\n\n# The -a ensures that the headers maintain the source modification date so that we don't constantly\n# cause propagating rebuilds of files that import these headers.\n/bin/cp -a \"${TARGET_BUILD_DIR}/${PUBLIC_HEADERS_FOLDER_PATH}/\" \"${BUILT_PRODUCTS_DIR}/${PRODUCT_NAME}.framework/Versions/A/Headers\"";
		};
		3431E97019A36DB000483E84 /* Build Framework */ = {
			isa = PBXShellScriptBuildPhase;
			buildActionMask = 2147483647;
			files = (
			);
			inputPaths = (
			);
			name = "Build Framework";
			outputPaths = (
			);
			runOnlyForDeploymentPostprocessing = 0;
			shellPath = /bin/sh;
			shellScript = "set -e\nset +u\n# Avoid recursively calling this script.\nif [[ $SF_MASTER_SCRIPT_RUNNING ]]\nthen\nexit 0\nfi\nset -u\nexport SF_MASTER_SCRIPT_RUNNING=1\n\nSF_TARGET_NAME=${PROJECT_NAME}\nSF_EXECUTABLE_PATH=\"lib${SF_TARGET_NAME}.a\"\nSF_WRAPPER_NAME=\"${SF_TARGET_NAME}.framework\"\n\n# The following conditionals come from\n# https://github.com/kstenerud/iOS-Universal-Framework\n\nif [[ \"$SDK_NAME\" =~ ([A-Za-z]+) ]]\nthen\nSF_SDK_PLATFORM=${BASH_REMATCH[1]}\nelse\necho \"Could not find platform name from SDK_NAME: $SDK_NAME\"\nexit 1\nfi\n\nif [[ \"$SDK_NAME\" =~ ([0-9]+.*$) ]]\nthen\nSF_SDK_VERSION=${BASH_REMATCH[1]}\nelse\necho \"Could not find sdk version from SDK_NAME: $SDK_NAME\"\nexit 1\nfi\n\nif [[ \"$SF_SDK_PLATFORM\" = \"iphoneos\" ]]\nthen\nSF_OTHER_PLATFORM=iphonesimulator\nelse\nSF_OTHER_PLATFORM=iphoneos\nfi\n\nif [[ \"$BUILT_PRODUCTS_DIR\" =~ (.*)$SF_SDK_PLATFORM$ ]]\nthen\nSF_OTHER_BUILT_PRODUCTS_DIR=\"${BASH_REMATCH[1]}${SF_OTHER_PLATFORM}\"\nelse\necho \"Could not find platform name from build products directory: $BUILT_PRODUCTS_DIR\"\nexit 1\nfi\n\n# Build the other platform.\nxcrun xcodebuild -project \"${PROJECT_FILE_PATH}\" -target \"${TARGET_NAME}\" -configuration \"${CONFIGURATION}\" -sdk ${SF_OTHER_PLATFORM}${SF_SDK_VERSION} BUILD_DIR=\"${BUILD_DIR}\" OBJROOT=\"${OBJROOT}\" BUILD_ROOT=\"${BUILD_ROOT}\" SYMROOT=\"${SYMROOT}\" $ACTION\n\n# Smash the two static libraries into one fat binary and store it in the .framework\nxcrun lipo -create \"${BUILT_PRODUCTS_DIR}/${SF_EXECUTABLE_PATH}\" \"${SF_OTHER_BUILT_PRODUCTS_DIR}/${SF_EXECUTABLE_PATH}\" -output \"${BUILT_PRODUCTS_DIR}/${SF_WRAPPER_NAME}/Versions/A/${SF_TARGET_NAME}\"\n\n# Copy the binary to the other architecture folder to have a complete framework in both.\ncp -a \"${BUILT_PRODUCTS_DIR}/${SF_WRAPPER_NAME}/Versions/A/${SF_TARGET_NAME}\" \"${SF_OTHER_BUILT_PRODUCTS_DIR}/${SF_WRAPPER_NAME}/Versions/A/${SF_TARGET_NAME}\"";
		};
/* End PBXShellScriptBuildPhase section */

/* Begin PBXSourcesBuildPhase section */
		345CD2A6190C2DC900289B29 /* Sources */ = {
			isa = PBXSourcesBuildPhase;
			buildActionMask = 2147483647;
			files = (
				345CD2EB190C30B800289B29 /* ZMGrip.m in Sources */,
				345CD2B5190C2DC900289B29 /* GripAndShootSDK.m in Sources */,
			);
			runOnlyForDeploymentPostprocessing = 0;
		};
		345CD2B6190C2DC900289B29 /* Sources */ = {
			isa = PBXSourcesBuildPhase;
			buildActionMask = 2147483647;
			files = (
				345CD2EC190C30B800289B29 /* ZMGrip.m in Sources */,
				345CD2CA190C2DC900289B29 /* GripAndShootSDKTests.m in Sources */,
			);
			runOnlyForDeploymentPostprocessing = 0;
		};
		34CA33411CA2F5E100657AA2 /* Sources */ = {
			isa = PBXSourcesBuildPhase;
			buildActionMask = 2147483647;
			files = (
			);
			runOnlyForDeploymentPostprocessing = 0;
		};
/* End PBXSourcesBuildPhase section */

/* Begin PBXTargetDependency section */
		3431E96F19A36D9900483E84 /* PBXTargetDependency */ = {
			isa = PBXTargetDependency;
			target = 345CD2A9190C2DC900289B29 /* GripAndShootSDK */;
			targetProxy = 3431E96E19A36D9900483E84 /* PBXContainerItemProxy */;
		};
		345CD2C1190C2DC900289B29 /* PBXTargetDependency */ = {
			isa = PBXTargetDependency;
			target = 345CD2A9190C2DC900289B29 /* GripAndShootSDK */;
			targetProxy = 345CD2C0190C2DC900289B29 /* PBXContainerItemProxy */;
		};
		34CA334C1CA2F5FE00657AA2 /* PBXTargetDependency */ = {
			isa = PBXTargetDependency;
			target = 34CA33441CA2F5E100657AA2 /* GripAndShootResources */;
			targetProxy = 34CA334B1CA2F5FE00657AA2 /* PBXContainerItemProxy */;
		};
/* End PBXTargetDependency section */

/* Begin PBXVariantGroup section */
		3431E98A19A36E6F00483E84 /* InfoPlist.strings */ = {
			isa = PBXVariantGroup;
			children = (
				3431E98B19A36E6F00483E84 /* en */,
			);
			name = InfoPlist.strings;
			sourceTree = "<group>";
		};
		345CD2C6190C2DC900289B29 /* InfoPlist.strings */ = {
			isa = PBXVariantGroup;
			children = (
				345CD2C7190C2DC900289B29 /* en */,
			);
			name = InfoPlist.strings;
			sourceTree = "<group>";
		};
/* End PBXVariantGroup section */

/* Begin XCBuildConfiguration section */
		3431E96C19A36D8F00483E84 /* Debug */ = {
			isa = XCBuildConfiguration;
			buildSettings = {
				ONLY_ACTIVE_ARCH = NO;
				PRODUCT_NAME = "$(TARGET_NAME)";
			};
			name = Debug;
		};
		3431E96D19A36D8F00483E84 /* Release */ = {
			isa = XCBuildConfiguration;
			buildSettings = {
				PRODUCT_NAME = "$(TARGET_NAME)";
			};
			name = Release;
		};
		345CD2CB190C2DC900289B29 /* Debug */ = {
			isa = XCBuildConfiguration;
			buildSettings = {
				ALWAYS_SEARCH_USER_PATHS = NO;
				CLANG_CXX_LANGUAGE_STANDARD = "gnu++0x";
				CLANG_CXX_LIBRARY = "libc++";
				CLANG_ENABLE_MODULES = YES;
				CLANG_ENABLE_OBJC_ARC = YES;
				CLANG_WARN_BOOL_CONVERSION = YES;
				CLANG_WARN_CONSTANT_CONVERSION = YES;
				CLANG_WARN_DIRECT_OBJC_ISA_USAGE = YES_ERROR;
				CLANG_WARN_EMPTY_BODY = YES;
				CLANG_WARN_ENUM_CONVERSION = YES;
				CLANG_WARN_INT_CONVERSION = YES;
				CLANG_WARN_OBJC_ROOT_CLASS = YES_ERROR;
				CLANG_WARN__DUPLICATE_METHOD_MATCH = YES;
				COPY_PHASE_STRIP = NO;
				ENABLE_TESTABILITY = YES;
				GCC_C_LANGUAGE_STANDARD = gnu99;
				GCC_DYNAMIC_NO_PIC = NO;
				GCC_OPTIMIZATION_LEVEL = 0;
				GCC_PREPROCESSOR_DEFINITIONS = (
					"DEBUG=1",
					"$(inherited)",
				);
				GCC_SYMBOLS_PRIVATE_EXTERN = NO;
				GCC_WARN_64_TO_32_BIT_CONVERSION = YES;
				GCC_WARN_ABOUT_RETURN_TYPE = YES_ERROR;
				GCC_WARN_UNDECLARED_SELECTOR = YES;
				GCC_WARN_UNINITIALIZED_AUTOS = YES_AGGRESSIVE;
				GCC_WARN_UNUSED_FUNCTION = YES;
				GCC_WARN_UNUSED_VARIABLE = YES;
				IPHONEOS_DEPLOYMENT_TARGET = 7.1;
				ONLY_ACTIVE_ARCH = YES;
				SDKROOT = iphoneos;
			};
			name = Debug;
		};
		345CD2CC190C2DC900289B29 /* Release */ = {
			isa = XCBuildConfiguration;
			buildSettings = {
				ALWAYS_SEARCH_USER_PATHS = NO;
				CLANG_CXX_LANGUAGE_STANDARD = "gnu++0x";
				CLANG_CXX_LIBRARY = "libc++";
				CLANG_ENABLE_MODULES = YES;
				CLANG_ENABLE_OBJC_ARC = YES;
				CLANG_WARN_BOOL_CONVERSION = YES;
				CLANG_WARN_CONSTANT_CONVERSION = YES;
				CLANG_WARN_DIRECT_OBJC_ISA_USAGE = YES_ERROR;
				CLANG_WARN_EMPTY_BODY = YES;
				CLANG_WARN_ENUM_CONVERSION = YES;
				CLANG_WARN_INT_CONVERSION = YES;
				CLANG_WARN_OBJC_ROOT_CLASS = YES_ERROR;
				CLANG_WARN__DUPLICATE_METHOD_MATCH = YES;
				COPY_PHASE_STRIP = YES;
				ENABLE_NS_ASSERTIONS = NO;
				GCC_C_LANGUAGE_STANDARD = gnu99;
				GCC_WARN_64_TO_32_BIT_CONVERSION = YES;
				GCC_WARN_ABOUT_RETURN_TYPE = YES_ERROR;
				GCC_WARN_UNDECLARED_SELECTOR = YES;
				GCC_WARN_UNINITIALIZED_AUTOS = YES_AGGRESSIVE;
				GCC_WARN_UNUSED_FUNCTION = YES;
				GCC_WARN_UNUSED_VARIABLE = YES;
				IPHONEOS_DEPLOYMENT_TARGET = 7.1;
				SDKROOT = iphoneos;
				VALIDATE_PRODUCT = YES;
			};
			name = Release;
		};
		345CD2CE190C2DC900289B29 /* Debug */ = {
			isa = XCBuildConfiguration;
			buildSettings = {
				COPY_PHASE_STRIP = NO;
				DEAD_CODE_STRIPPING = NO;
				DSTROOT = /tmp/GripAndShootSDK.dst;
				FRAMEWORK_SEARCH_PATHS = (
					"$(inherited)",
					"$(PROJECT_DIR)/EmmocoMobileFramework",
				);
				GCC_PRECOMPILE_PREFIX_HEADER = NO;
				GCC_PREFIX_HEADER = "";
				LIBRARY_SEARCH_PATHS = (
					"$(inherited)",
					"$(PROJECT_DIR)/EmmocoMobileFramework/Framework",
				);
				ONLY_ACTIVE_ARCH = NO;
				OTHER_LDFLAGS = "-ObjC";
				PRODUCT_NAME = "$(TARGET_NAME)";
				PUBLIC_HEADERS_FOLDER_PATH = "$(PROJECT_NAME)Headers";
				SKIP_INSTALL = YES;
				STRIP_STYLE = "non-global";
			};
			name = Debug;
		};
		345CD2CF190C2DC900289B29 /* Release */ = {
			isa = XCBuildConfiguration;
			buildSettings = {
				COPY_PHASE_STRIP = NO;
				DEAD_CODE_STRIPPING = NO;
				DSTROOT = /tmp/GripAndShootSDK.dst;
				FRAMEWORK_SEARCH_PATHS = (
					"$(inherited)",
					"$(PROJECT_DIR)/EmmocoMobileFramework",
				);
				GCC_PRECOMPILE_PREFIX_HEADER = NO;
				GCC_PREFIX_HEADER = "";
				LIBRARY_SEARCH_PATHS = (
					"$(inherited)",
					"$(PROJECT_DIR)/EmmocoMobileFramework/Framework",
				);
				OTHER_LDFLAGS = "-ObjC";
				PRODUCT_NAME = "$(TARGET_NAME)";
				PUBLIC_HEADERS_FOLDER_PATH = "$(PROJECT_NAME)Headers";
				SKIP_INSTALL = YES;
				STRIP_STYLE = "non-global";
			};
			name = Release;
		};
		345CD2D1190C2DC900289B29 /* Debug */ = {
			isa = XCBuildConfiguration;
			buildSettings = {
				FRAMEWORK_SEARCH_PATHS = (
					"$(SDKROOT)/Developer/Library/Frameworks",
					"$(inherited)",
					"$(DEVELOPER_FRAMEWORKS_DIR)",
				);
				GCC_PRECOMPILE_PREFIX_HEADER = NO;
				GCC_PREFIX_HEADER = "";
				GCC_PREPROCESSOR_DEFINITIONS = (
					"DEBUG=1",
					"$(inherited)",
				);
				INFOPLIST_FILE = "GripAndShootSDKTests/GripAndShootSDKTests-Info.plist";
				LIBRARY_SEARCH_PATHS = (
					"$(inherited)",
					"$(PROJECT_DIR)/EmmocoMobileFramework/Framework",
				);
				PRODUCT_BUNDLE_IDENTIFIER = "com.zeta.${PRODUCT_NAME:rfc1034identifier}";
				PRODUCT_NAME = "$(TARGET_NAME)";
				WRAPPER_EXTENSION = xctest;
			};
			name = Debug;
		};
		345CD2D2190C2DC900289B29 /* Release */ = {
			isa = XCBuildConfiguration;
			buildSettings = {
				FRAMEWORK_SEARCH_PATHS = (
					"$(SDKROOT)/Developer/Library/Frameworks",
					"$(inherited)",
					"$(DEVELOPER_FRAMEWORKS_DIR)",
				);
				GCC_PRECOMPILE_PREFIX_HEADER = NO;
				GCC_PREFIX_HEADER = "";
				INFOPLIST_FILE = "GripAndShootSDKTests/GripAndShootSDKTests-Info.plist";
				LIBRARY_SEARCH_PATHS = (
					"$(inherited)",
					"$(PROJECT_DIR)/EmmocoMobileFramework/Framework",
				);
				PRODUCT_BUNDLE_IDENTIFIER = "com.zeta.${PRODUCT_NAME:rfc1034identifier}";
				PRODUCT_NAME = "$(TARGET_NAME)";
				WRAPPER_EXTENSION = xctest;
			};
			name = Release;
		};
		34CA33481CA2F5E100657AA2 /* Debug */ = {
			isa = XCBuildConfiguration;
			buildSettings = {
				CLANG_ANALYZER_NONNULL = YES;
				CLANG_WARN_UNREACHABLE_CODE = YES;
				CODE_SIGN_IDENTITY = "-";
				COMBINE_HIDPI_IMAGES = NO;
				DEBUG_INFORMATION_FORMAT = dwarf;
				ENABLE_STRICT_OBJC_MSGSEND = YES;
				GCC_NO_COMMON_BLOCKS = YES;
				INFOPLIST_FILE = GripAndShootResources/Info.plist;
				INSTALL_PATH = "$(LOCAL_LIBRARY_DIR)/Bundles";
				MACOSX_DEPLOYMENT_TARGET = 10.11;
				MTL_ENABLE_DEBUG_INFO = YES;
				PRODUCT_BUNDLE_IDENTIFIER = com.gripandshoot.GripAndShootResources;
				PRODUCT_NAME = "$(TARGET_NAME)";
				SDKROOT = iphoneos;
				SKIP_INSTALL = YES;
				WRAPPER_EXTENSION = bundle;
			};
			name = Debug;
		};
		34CA33491CA2F5E100657AA2 /* Release */ = {
			isa = XCBuildConfiguration;
			buildSettings = {
				CLANG_ANALYZER_NONNULL = YES;
				CLANG_WARN_UNREACHABLE_CODE = YES;
				CODE_SIGN_IDENTITY = "-";
				COMBINE_HIDPI_IMAGES = NO;
				COPY_PHASE_STRIP = NO;
				DEBUG_INFORMATION_FORMAT = "dwarf-with-dsym";
				ENABLE_STRICT_OBJC_MSGSEND = YES;
				GCC_NO_COMMON_BLOCKS = YES;
				INFOPLIST_FILE = GripAndShootResources/Info.plist;
				INSTALL_PATH = "$(LOCAL_LIBRARY_DIR)/Bundles";
				MACOSX_DEPLOYMENT_TARGET = 10.11;
				MTL_ENABLE_DEBUG_INFO = NO;
				PRODUCT_BUNDLE_IDENTIFIER = com.gripandshoot.GripAndShootResources;
				PRODUCT_NAME = "$(TARGET_NAME)";
				SDKROOT = iphoneos;
				SKIP_INSTALL = YES;
				WRAPPER_EXTENSION = bundle;
			};
			name = Release;
		};
/* End XCBuildConfiguration section */

/* Begin XCConfigurationList section */
		3431E96B19A36D8F00483E84 /* Build configuration list for PBXAggregateTarget "Framework" */ = {
			isa = XCConfigurationList;
			buildConfigurations = (
				3431E96C19A36D8F00483E84 /* Debug */,
				3431E96D19A36D8F00483E84 /* Release */,
			);
			defaultConfigurationIsVisible = 0;
			defaultConfigurationName = Release;
		};
		345CD2A5190C2DC900289B29 /* Build configuration list for PBXProject "GripAndShootSDK" */ = {
			isa = XCConfigurationList;
			buildConfigurations = (
				345CD2CB190C2DC900289B29 /* Debug */,
				345CD2CC190C2DC900289B29 /* Release */,
			);
			defaultConfigurationIsVisible = 0;
			defaultConfigurationName = Release;
		};
		345CD2CD190C2DC900289B29 /* Build configuration list for PBXNativeTarget "GripAndShootSDK" */ = {
			isa = XCConfigurationList;
			buildConfigurations = (
				345CD2CE190C2DC900289B29 /* Debug */,
				345CD2CF190C2DC900289B29 /* Release */,
			);
			defaultConfigurationIsVisible = 0;
			defaultConfigurationName = Release;
		};
		345CD2D0190C2DC900289B29 /* Build configuration list for PBXNativeTarget "GripAndShootSDKTests" */ = {
			isa = XCConfigurationList;
			buildConfigurations = (
				345CD2D1190C2DC900289B29 /* Debug */,
				345CD2D2190C2DC900289B29 /* Release */,
			);
			defaultConfigurationIsVisible = 0;
			defaultConfigurationName = Release;
		};
		34CA334A1CA2F5E100657AA2 /* Build configuration list for PBXNativeTarget "GripAndShootResources" */ = {
			isa = XCConfigurationList;
			buildConfigurations = (
				34CA33481CA2F5E100657AA2 /* Debug */,
				34CA33491CA2F5E100657AA2 /* Release */,
			);
			defaultConfigurationIsVisible = 0;
		};
/* End XCConfigurationList section */
	};
	rootObject = 345CD2A2190C2DC900289B29 /* Project object */;
}
